
Microsoft Visual Studio Solution File, Format Version 12.00
# Visual Studio Version 17
VisualStudioVersion = 17.1.32328.378
MinimumVisualStudioVersion = 10.0.40219.1
Project("{9A19103F-16F7-4668-BE54-9A1E7A4F7556}") = "Kalitim", "Kalitim\Kalitim.csproj", "{816E1E5F-FF2C-4619-8FDE-0D288B30E457}"
EndProject
Project("{FAE04EC0-301F-11D3-BF4B-00C04F79EFBC}") = "Polimorfizm", "Polimorfizm\Polimorfizm.csproj", "{DF3D53D8-38EA-4400-B5AE-B9ED0FFA3AE9}"
EndProject
Project("{FAE04EC0-301F-11D3-BF4B-00C04F79EFBC}") = "Polimorfizm2", "Polimorfizm2\Polimorfizm2.csproj", "{C364DA98-3852-4F62-8087-4988F0D9DE6F}"
EndProject
Project("{FAE04EC0-301F-11D3-BF4B-00C04F79EFBC}") = "Abstracts", "Abstracts\Abstracts.csproj", "{B887FF40-7D4B-4375-B1C3-D5CB9E74F877}"
EndProject
Project("{FAE04EC0-301F-11D3-BF4B-00C04F79EFBC}") = "InterfaceProjesi", "InterfaceProjesi\InterfaceProjesi.csproj", "{E45BE4B7-1A9E-4E9C-8C5F-2A03DEA0E3C0}"
EndProject
Global
	GlobalSection(SolutionConfigurationPlatforms) = preSolution
		Debug|Any CPU = Debug|Any CPU
		Release|Any CPU = Release|Any CPU
	EndGlobalSection
	GlobalSection(ProjectConfigurationPlatforms) = postSolution
		{816E1E5F-FF2C-4619-8FDE-0D288B30E457}.Debug|Any CPU.ActiveCfg = Debug|Any CPU
		{816E1E5F-FF2C-4619-8FDE-0D288B30E457}.Debug|Any CPU.Build.0 = Debug|Any CPU
		{816E1E5F-FF2C-4619-8FDE-0D288B30E457}.Release|Any CPU.ActiveCfg = Release|Any CPU
		{816E1E5F-FF2C-4619-8FDE-0D288B30E457}.Release|Any CPU.Build.0 = Release|Any CPU
		{DF3D53D8-38EA-4400-B5AE-B9ED0FFA3AE9}.Debug|Any CPU.ActiveCfg = Debug|Any CPU
		{DF3D53D8-38EA-4400-B5AE-B9ED0FFA3AE9}.Debug|Any CPU.Build.0 = Debug|Any CPU
		{DF3D53D8-38EA-4400-B5AE-B9ED0FFA3AE9}.Release|Any CPU.ActiveCfg = Release|Any CPU
		{DF3D53D8-38EA-4400-B5AE-B9ED0FFA3AE9}.Release|Any CPU.Build.0 = Release|Any CPU
		{C364DA98-3852-4F62-8087-4988F0D9DE6F}.Debug|Any CPU.ActiveCfg = Debug|Any CPU
		{C364DA98-3852-4F62-8087-4988F0D9DE6F}.Debug|Any CPU.Build.0 = Debug|Any CPU
		{C364DA98-3852-4F62-8087-4988F0D9DE6F}.Release|Any CPU.ActiveCfg = Release|Any CPU
		{C364DA98-3852-4F62-8087-4988F0D9DE6F}.Release|Any CPU.Build.0 = Release|Any CPU
		{B887FF40-7D4B-4375-B1C3-D5CB9E74F877}.Debug|Any CPU.ActiveCfg = Debug|Any CPU
		{B887FF40-7D4B-4375-B1C3-D5CB9E74F877}.Debug|Any CPU.Build.0 = Debug|Any CPU
		{B887FF40-7D4B-4375-B1C3-D5CB9E74F877}.Release|Any CPU.ActiveCfg = Release|Any CPU
		{B887FF40-7D4B-4375-B1C3-D5CB9E74F877}.Release|Any CPU.Build.0 = Release|Any CPU
		{E45BE4B7-1A9E-4E9C-8C5F-2A03DEA0E3C0}.Debug|Any CPU.ActiveCfg = Debug|Any CPU
		{E45BE4B7-1A9E-4E9C-8C5F-2A03DEA0E3C0}.Debug|Any CPU.Build.0 = Debug|Any CPU
		{E45BE4B7-1A9E-4E9C-8C5F-2A03DEA0E3C0}.Release|Any CPU.ActiveCfg = Release|Any CPU
		{E45BE4B7-1A9E-4E9C-8C5F-2A03DEA0E3C0}.Release|Any CPU.Build.0 = Release|Any CPU
	EndGlobalSection
	GlobalSection(SolutionProperties) = preSolution
		HideSolutionNode = FALSE
	EndGlobalSection
	GlobalSection(ExtensibilityGlobals) = postSolution
		SolutionGuid = {D4C2CEAD-77DA-4B72-A620-9DB5E3AE3A96}
	EndGlobalSection
EndGlobal
