
Microsoft Visual Studio Solution File, Format Version 12.00
# Visual Studio Version 17
VisualStudioVersion = 17.1.32328.378
MinimumVisualStudioVersion = 10.0.40219.1
Project("{9A19103F-16F7-4668-BE54-9A1E7A4F7556}") = "Kalitim", "Kalitim\Kalitim.csproj", "{816E1E5F-FF2C-4619-8FDE-0D288B30E457}"
EndProject
Project("{9A19103F-16F7-4668-BE54-9A1E7A4F7556}") = "Polimorfizm", "Polimorfizm\Polimorfizm.csproj", "{DF3D53D8-38EA-4400-B5AE-B9ED0FFA3AE9}"
EndProject
Project("{9A19103F-16F7-4668-BE54-9A1E7A4F7556}") = "Polimorfizm2", "Polimorfizm2\Polimorfizm2.csproj", "{C364DA98-3852-4F62-8087-4988F0D9DE6F}"
EndProject
Project("{9A19103F-16F7-4668-BE54-9A1E7A4F7556}") = "Abstracts", "Abstracts\Abstracts.csproj", "{B887FF40-7D4B-4375-B1C3-D5CB9E74F877}"
EndProject
Project("{9A19103F-16F7-4668-BE54-9A1E7A4F7556}") = "InterfaceProjesi", "InterfaceProjesi\InterfaceProjesi.csproj", "{E45BE4B7-1A9E-4E9C-8C5F-2A03DEA0E3C0}"
EndProject
Project("{FAE04EC0-301F-11D3-BF4B-00C04F79EFBC}") = "InterfaceWindows", "InterfaceWindows\InterfaceWindows.csproj", "{9DACA3ED-8FF2-4FE7-9E5E-905BBD2389C4}"
EndProject
Project("{FAE04EC0-301F-11D3-BF4B-00C04F79EFBC}") = "EnumKonusu", "Enum\EnumKonusu.csproj", "{1BBADF60-F52C-433F-8F92-38CA26BBA541}"
EndProject
Project("{FAE04EC0-301F-11D3-BF4B-00C04F79EFBC}") = "EnumWindows", "EnumWindows\EnumWindows.csproj", "{4BB34930-3749-4F71-A62E-A6494127BFE5}"
EndProject
Project("{FAE04EC0-301F-11D3-BF4B-00C04F79EFBC}") = "Collections", "Collections\Collections.csproj", "{3C678CE8-917F-4C1E-B5E6-39A5CA334FAC}"
EndProject
Project("{FAE04EC0-301F-11D3-BF4B-00C04F79EFBC}") = "SealedClasslar", "SleadClasslar\SealedClasslar.csproj", "{18FFAE55-7ACB-4A3A-8041-F388A6B882DF}"
EndProject
Project("{FAE04EC0-301F-11D3-BF4B-00C04F79EFBC}") = "StaticClass", "StaticClass\StaticClass.csproj", "{54FE673D-69DD-411F-8D6A-19DADB366EB0}"
EndProject
Project("{FAE04EC0-301F-11D3-BF4B-00C04F79EFBC}") = "Delegeler", "Delegeler\Delegeler.csproj", "{A01E7528-322A-4B2E-AC8B-32813D8F25C2}"
EndProject
Project("{FAE04EC0-301F-11D3-BF4B-00C04F79EFBC}") = "PartialClass", "PartialClass\PartialClass.csproj", "{D4529C06-DD2F-46B0-BF24-F7C935CED5A8}"
EndProject
Project("{FAE04EC0-301F-11D3-BF4B-00C04F79EFBC}") = "WinBogus", "WinBogus\WinBogus.csproj", "{9781801C-5D88-4079-A36F-DE8ADB0E6B5F}"
EndProject
Project("{FAE04EC0-301F-11D3-BF4B-00C04F79EFBC}") = "PersonelKutuphanesi", "PersonelKutuphanesi\PersonelKutuphanesi.csproj", "{AD7A6362-F51E-410F-9AFE-A2A96E692F7E}"
EndProject
Global
	GlobalSection(SolutionConfigurationPlatforms) = preSolution
		Debug|Any CPU = Debug|Any CPU
		Release|Any CPU = Release|Any CPU
	EndGlobalSection
	GlobalSection(ProjectConfigurationPlatforms) = postSolution
		{816E1E5F-FF2C-4619-8FDE-0D288B30E457}.Debug|Any CPU.ActiveCfg = Debug|Any CPU
		{816E1E5F-FF2C-4619-8FDE-0D288B30E457}.Debug|Any CPU.Build.0 = Debug|Any CPU
		{816E1E5F-FF2C-4619-8FDE-0D288B30E457}.Release|Any CPU.ActiveCfg = Release|Any CPU
		{816E1E5F-FF2C-4619-8FDE-0D288B30E457}.Release|Any CPU.Build.0 = Release|Any CPU
		{DF3D53D8-38EA-4400-B5AE-B9ED0FFA3AE9}.Debug|Any CPU.ActiveCfg = Debug|Any CPU
		{DF3D53D8-38EA-4400-B5AE-B9ED0FFA3AE9}.Debug|Any CPU.Build.0 = Debug|Any CPU
		{DF3D53D8-38EA-4400-B5AE-B9ED0FFA3AE9}.Release|Any CPU.ActiveCfg = Release|Any CPU
		{DF3D53D8-38EA-4400-B5AE-B9ED0FFA3AE9}.Release|Any CPU.Build.0 = Release|Any CPU
		{C364DA98-3852-4F62-8087-4988F0D9DE6F}.Debug|Any CPU.ActiveCfg = Debug|Any CPU
		{C364DA98-3852-4F62-8087-4988F0D9DE6F}.Debug|Any CPU.Build.0 = Debug|Any CPU
		{C364DA98-3852-4F62-8087-4988F0D9DE6F}.Release|Any CPU.ActiveCfg = Release|Any CPU
		{C364DA98-3852-4F62-8087-4988F0D9DE6F}.Release|Any CPU.Build.0 = Release|Any CPU
		{B887FF40-7D4B-4375-B1C3-D5CB9E74F877}.Debug|Any CPU.ActiveCfg = Debug|Any CPU
		{B887FF40-7D4B-4375-B1C3-D5CB9E74F877}.Debug|Any CPU.Build.0 = Debug|Any CPU
		{B887FF40-7D4B-4375-B1C3-D5CB9E74F877}.Release|Any CPU.ActiveCfg = Release|Any CPU
		{B887FF40-7D4B-4375-B1C3-D5CB9E74F877}.Release|Any CPU.Build.0 = Release|Any CPU
		{E45BE4B7-1A9E-4E9C-8C5F-2A03DEA0E3C0}.Debug|Any CPU.ActiveCfg = Debug|Any CPU
		{E45BE4B7-1A9E-4E9C-8C5F-2A03DEA0E3C0}.Debug|Any CPU.Build.0 = Debug|Any CPU
		{E45BE4B7-1A9E-4E9C-8C5F-2A03DEA0E3C0}.Release|Any CPU.ActiveCfg = Release|Any CPU
		{E45BE4B7-1A9E-4E9C-8C5F-2A03DEA0E3C0}.Release|Any CPU.Build.0 = Release|Any CPU
		{9DACA3ED-8FF2-4FE7-9E5E-905BBD2389C4}.Debug|Any CPU.ActiveCfg = Debug|Any CPU
		{9DACA3ED-8FF2-4FE7-9E5E-905BBD2389C4}.Debug|Any CPU.Build.0 = Debug|Any CPU
		{9DACA3ED-8FF2-4FE7-9E5E-905BBD2389C4}.Release|Any CPU.ActiveCfg = Release|Any CPU
		{9DACA3ED-8FF2-4FE7-9E5E-905BBD2389C4}.Release|Any CPU.Build.0 = Release|Any CPU
		{1BBADF60-F52C-433F-8F92-38CA26BBA541}.Debug|Any CPU.ActiveCfg = Debug|Any CPU
		{1BBADF60-F52C-433F-8F92-38CA26BBA541}.Debug|Any CPU.Build.0 = Debug|Any CPU
		{1BBADF60-F52C-433F-8F92-38CA26BBA541}.Release|Any CPU.ActiveCfg = Release|Any CPU
		{1BBADF60-F52C-433F-8F92-38CA26BBA541}.Release|Any CPU.Build.0 = Release|Any CPU
		{4BB34930-3749-4F71-A62E-A6494127BFE5}.Debug|Any CPU.ActiveCfg = Debug|Any CPU
		{4BB34930-3749-4F71-A62E-A6494127BFE5}.Debug|Any CPU.Build.0 = Debug|Any CPU
		{4BB34930-3749-4F71-A62E-A6494127BFE5}.Release|Any CPU.ActiveCfg = Release|Any CPU
		{4BB34930-3749-4F71-A62E-A6494127BFE5}.Release|Any CPU.Build.0 = Release|Any CPU
		{3C678CE8-917F-4C1E-B5E6-39A5CA334FAC}.Debug|Any CPU.ActiveCfg = Debug|Any CPU
		{3C678CE8-917F-4C1E-B5E6-39A5CA334FAC}.Debug|Any CPU.Build.0 = Debug|Any CPU
		{3C678CE8-917F-4C1E-B5E6-39A5CA334FAC}.Release|Any CPU.ActiveCfg = Release|Any CPU
		{3C678CE8-917F-4C1E-B5E6-39A5CA334FAC}.Release|Any CPU.Build.0 = Release|Any CPU
		{18FFAE55-7ACB-4A3A-8041-F388A6B882DF}.Debug|Any CPU.ActiveCfg = Debug|Any CPU
		{18FFAE55-7ACB-4A3A-8041-F388A6B882DF}.Debug|Any CPU.Build.0 = Debug|Any CPU
		{18FFAE55-7ACB-4A3A-8041-F388A6B882DF}.Release|Any CPU.ActiveCfg = Release|Any CPU
		{18FFAE55-7ACB-4A3A-8041-F388A6B882DF}.Release|Any CPU.Build.0 = Release|Any CPU
		{54FE673D-69DD-411F-8D6A-19DADB366EB0}.Debug|Any CPU.ActiveCfg = Debug|Any CPU
		{54FE673D-69DD-411F-8D6A-19DADB366EB0}.Debug|Any CPU.Build.0 = Debug|Any CPU
		{54FE673D-69DD-411F-8D6A-19DADB366EB0}.Release|Any CPU.ActiveCfg = Release|Any CPU
		{54FE673D-69DD-411F-8D6A-19DADB366EB0}.Release|Any CPU.Build.0 = Release|Any CPU
		{A01E7528-322A-4B2E-AC8B-32813D8F25C2}.Debug|Any CPU.ActiveCfg = Debug|Any CPU
		{A01E7528-322A-4B2E-AC8B-32813D8F25C2}.Debug|Any CPU.Build.0 = Debug|Any CPU
		{A01E7528-322A-4B2E-AC8B-32813D8F25C2}.Release|Any CPU.ActiveCfg = Release|Any CPU
		{A01E7528-322A-4B2E-AC8B-32813D8F25C2}.Release|Any CPU.Build.0 = Release|Any CPU
		{D4529C06-DD2F-46B0-BF24-F7C935CED5A8}.Debug|Any CPU.ActiveCfg = Debug|Any CPU
		{D4529C06-DD2F-46B0-BF24-F7C935CED5A8}.Debug|Any CPU.Build.0 = Debug|Any CPU
		{D4529C06-DD2F-46B0-BF24-F7C935CED5A8}.Release|Any CPU.ActiveCfg = Release|Any CPU
		{D4529C06-DD2F-46B0-BF24-F7C935CED5A8}.Release|Any CPU.Build.0 = Release|Any CPU
		{9781801C-5D88-4079-A36F-DE8ADB0E6B5F}.Debug|Any CPU.ActiveCfg = Debug|Any CPU
		{9781801C-5D88-4079-A36F-DE8ADB0E6B5F}.Debug|Any CPU.Build.0 = Debug|Any CPU
		{9781801C-5D88-4079-A36F-DE8ADB0E6B5F}.Release|Any CPU.ActiveCfg = Release|Any CPU
		{9781801C-5D88-4079-A36F-DE8ADB0E6B5F}.Release|Any CPU.Build.0 = Release|Any CPU
		{AD7A6362-F51E-410F-9AFE-A2A96E692F7E}.Debug|Any CPU.ActiveCfg = Debug|Any CPU
		{AD7A6362-F51E-410F-9AFE-A2A96E692F7E}.Debug|Any CPU.Build.0 = Debug|Any CPU
		{AD7A6362-F51E-410F-9AFE-A2A96E692F7E}.Release|Any CPU.ActiveCfg = Release|Any CPU
		{AD7A6362-F51E-410F-9AFE-A2A96E692F7E}.Release|Any CPU.Build.0 = Release|Any CPU
	EndGlobalSection
	GlobalSection(SolutionProperties) = preSolution
		HideSolutionNode = FALSE
	EndGlobalSection
	GlobalSection(ExtensibilityGlobals) = postSolution
		SolutionGuid = {D4C2CEAD-77DA-4B72-A620-9DB5E3AE3A96}
	EndGlobalSection
EndGlobal
